
Microsoft Visual Studio Solution File, Format Version 12.00
# Visual Studio Version 17
VisualStudioVersion = 17.2.32602.215
MinimumVisualStudioVersion = 10.0.40219.1
Project("{FAE04EC0-301F-11D3-BF4B-00C04F79EFBC}") = "Palindrome", "Palindrome\Palindrome.csproj", "{336A3072-573B-4C3D-A6F5-E2ECE40824C0}"
EndProject
Global
	GlobalSection(SolutionConfigurationPlatforms) = preSolution
		Debug|Any CPU = Debug|Any CPU
		Release|Any CPU = Release|Any CPU
	EndGlobalSection
	GlobalSection(ProjectConfigurationPlatforms) = postSolution
		{336A3072-573B-4C3D-A6F5-E2ECE40824C0}.Debug|Any CPU.ActiveCfg = Debug|Any CPU
		{336A3072-573B-4C3D-A6F5-E2ECE40824C0}.Debug|Any CPU.Build.0 = Debug|Any CPU
		{336A3072-573B-4C3D-A6F5-E2ECE40824C0}.Release|Any CPU.ActiveCfg = Release|Any CPU
		{336A3072-573B-4C3D-A6F5-E2ECE40824C0}.Release|Any CPU.Build.0 = Release|Any CPU
	EndGlobalSection
	GlobalSection(SolutionProperties) = preSolution
		HideSolutionNode = FALSE
	EndGlobalSection
	GlobalSection(ExtensibilityGlobals) = postSolution
		SolutionGuid = {33AB75F9-85F2-4871-931D-04325D95EE1C}
	EndGlobalSection
EndGlobal
